
Microsoft Visual Studio Solution File, Format Version 12.00
# Visual Studio Version 16
VisualStudioVersion = 16.0.28922.388
MinimumVisualStudioVersion = 10.0.40219.1
Project("{FAE04EC0-301F-11D3-BF4B-00C04F79EFBC}") = "StocksMobile.Android", "StocksMobile\StocksMobile.Android\StocksMobile.Android.csproj", "{B1F0570B-4F02-4457-9889-03764E287849}"
EndProject
Project("{FAE04EC0-301F-11D3-BF4B-00C04F79EFBC}") = "StocksMobile", "StocksMobile\StocksMobile\StocksMobile.csproj", "{03A2A13B-59F6-4B22-873A-F6C2203852C2}"
EndProject
Global
	GlobalSection(SolutionConfigurationPlatforms) = preSolution
		Debug|Any CPU = Debug|Any CPU
		Release|Any CPU = Release|Any CPU
	EndGlobalSection
	GlobalSection(ProjectConfigurationPlatforms) = postSolution
		{B1F0570B-4F02-4457-9889-03764E287849}.Debug|Any CPU.ActiveCfg = Debug|Any CPU
		{B1F0570B-4F02-4457-9889-03764E287849}.Debug|Any CPU.Build.0 = Debug|Any CPU
		{B1F0570B-4F02-4457-9889-03764E287849}.Debug|Any CPU.Deploy.0 = Debug|Any CPU
		{B1F0570B-4F02-4457-9889-03764E287849}.Release|Any CPU.ActiveCfg = Release|Any CPU
		{B1F0570B-4F02-4457-9889-03764E287849}.Release|Any CPU.Build.0 = Release|Any CPU
		{B1F0570B-4F02-4457-9889-03764E287849}.Release|Any CPU.Deploy.0 = Release|Any CPU
		{03A2A13B-59F6-4B22-873A-F6C2203852C2}.Debug|Any CPU.ActiveCfg = Debug|Any CPU
		{03A2A13B-59F6-4B22-873A-F6C2203852C2}.Debug|Any CPU.Build.0 = Debug|Any CPU
		{03A2A13B-59F6-4B22-873A-F6C2203852C2}.Debug|Any CPU.Deploy.0 = Debug|Any CPU
		{03A2A13B-59F6-4B22-873A-F6C2203852C2}.Release|Any CPU.ActiveCfg = Release|Any CPU
		{03A2A13B-59F6-4B22-873A-F6C2203852C2}.Release|Any CPU.Build.0 = Release|Any CPU
		{03A2A13B-59F6-4B22-873A-F6C2203852C2}.Release|Any CPU.Deploy.0 = Release|Any CPU
	EndGlobalSection
	GlobalSection(SolutionProperties) = preSolution
		HideSolutionNode = FALSE
	EndGlobalSection
	GlobalSection(ExtensibilityGlobals) = postSolution
		SolutionGuid = {A474268B-B2C8-4EDC-9E01-47C2CBB8729F}
	EndGlobalSection
EndGlobal
